{
  "name": "moviebot-lambda",
  "version": "1.0.0",
  "lockfileVersion": 1,
  "requires": true,
  "dependencies": {
    "request": {
      "version": "2.9.203",
      "resolved": "https://registry.npmjs.org/request/-/request-2.9.203.tgz",
      "integrity": "sha1-bBcRpUB/uUoRQhlWPkQUW8v0cjo="
    },
    "tmdbv3": {
      "version": "0.1.2",
      "resolved": "https://registry.npmjs.org/tmdbv3/-/tmdbv3-0.1.2.tgz",
      "integrity": "sha1-mOnyMSUIDSyGKpb9ykzxrTb0bwg=",
      "requires": {
        "request": "2.9.x"
      }
    }
  }
}
